
Microsoft Visual Studio Solution File, Format Version 12.00
# Visual Studio Version 17
VisualStudioVersion = 17.10.35122.118
MinimumVisualStudioVersion = 10.0.40219.1
Project("{FAE04EC0-301F-11D3-BF4B-00C04F79EFBC}") = "AplicacionEscrito", "AplicacionEscrito\AplicacionEscrito.csproj", "{136A7EE4-8809-40B4-94B4-A255B5EADA66}"
EndProject
Project("{FAE04EC0-301F-11D3-BF4B-00C04F79EFBC}") = "AplicacionEscrito.Entidad", "AplicacionEscrito.Entidad\AplicacionEscrito.Entidad.csproj", "{39D5D9C9-058D-434D-953C-50CDC6071EF3}"
EndProject
Project("{FAE04EC0-301F-11D3-BF4B-00C04F79EFBC}") = "AplicacionEscrito.Datos", "AplicacionEscrito.Datos\AplicacionEscrito.Datos.csproj", "{969D2BAD-2DEA-4322-9F30-8B5FCF6BDEE3}"
EndProject
Project("{FAE04EC0-301F-11D3-BF4B-00C04F79EFBC}") = "AplicacionEscrito.Negocio", "AplicacionEscrito.Negocio\AplicacionEscrito.Negocio.csproj", "{646C184A-F5CD-4FEF-B99B-2D4BE8893D17}"
EndProject
Global
	GlobalSection(SolutionConfigurationPlatforms) = preSolution
		Debug|Any CPU = Debug|Any CPU
		Release|Any CPU = Release|Any CPU
	EndGlobalSection
	GlobalSection(ProjectConfigurationPlatforms) = postSolution
		{136A7EE4-8809-40B4-94B4-A255B5EADA66}.Debug|Any CPU.ActiveCfg = Debug|Any CPU
		{136A7EE4-8809-40B4-94B4-A255B5EADA66}.Debug|Any CPU.Build.0 = Debug|Any CPU
		{136A7EE4-8809-40B4-94B4-A255B5EADA66}.Release|Any CPU.ActiveCfg = Release|Any CPU
		{136A7EE4-8809-40B4-94B4-A255B5EADA66}.Release|Any CPU.Build.0 = Release|Any CPU
		{39D5D9C9-058D-434D-953C-50CDC6071EF3}.Debug|Any CPU.ActiveCfg = Debug|Any CPU
		{39D5D9C9-058D-434D-953C-50CDC6071EF3}.Debug|Any CPU.Build.0 = Debug|Any CPU
		{39D5D9C9-058D-434D-953C-50CDC6071EF3}.Release|Any CPU.ActiveCfg = Release|Any CPU
		{39D5D9C9-058D-434D-953C-50CDC6071EF3}.Release|Any CPU.Build.0 = Release|Any CPU
		{969D2BAD-2DEA-4322-9F30-8B5FCF6BDEE3}.Debug|Any CPU.ActiveCfg = Debug|Any CPU
		{969D2BAD-2DEA-4322-9F30-8B5FCF6BDEE3}.Debug|Any CPU.Build.0 = Debug|Any CPU
		{969D2BAD-2DEA-4322-9F30-8B5FCF6BDEE3}.Release|Any CPU.ActiveCfg = Release|Any CPU
		{969D2BAD-2DEA-4322-9F30-8B5FCF6BDEE3}.Release|Any CPU.Build.0 = Release|Any CPU
		{646C184A-F5CD-4FEF-B99B-2D4BE8893D17}.Debug|Any CPU.ActiveCfg = Debug|Any CPU
		{646C184A-F5CD-4FEF-B99B-2D4BE8893D17}.Debug|Any CPU.Build.0 = Debug|Any CPU
		{646C184A-F5CD-4FEF-B99B-2D4BE8893D17}.Release|Any CPU.ActiveCfg = Release|Any CPU
		{646C184A-F5CD-4FEF-B99B-2D4BE8893D17}.Release|Any CPU.Build.0 = Release|Any CPU
	EndGlobalSection
	GlobalSection(SolutionProperties) = preSolution
		HideSolutionNode = FALSE
	EndGlobalSection
	GlobalSection(ExtensibilityGlobals) = postSolution
		SolutionGuid = {B034F4E2-1F23-45F5-85E1-9DFEA65515F8}
	EndGlobalSection
EndGlobal
